
Microsoft Visual Studio Solution File, Format Version 12.00
# Visual Studio Version 17
VisualStudioVersion = 17.2.32526.322
MinimumVisualStudioVersion = 10.0.40219.1
Project("{FAE04EC0-301F-11D3-BF4B-00C04F79EFBC}") = "Demo1_WinFrom", "Demo1_WinFrom\Demo1_WinFrom.csproj", "{6C5116F6-B811-4CE2-A15A-EC1B53A930FB}"
EndProject
Global
	GlobalSection(SolutionConfigurationPlatforms) = preSolution
		Debug|Any CPU = Debug|Any CPU
		Release|Any CPU = Release|Any CPU
	EndGlobalSection
	GlobalSection(ProjectConfigurationPlatforms) = postSolution
		{6C5116F6-B811-4CE2-A15A-EC1B53A930FB}.Debug|Any CPU.ActiveCfg = Debug|Any CPU
		{6C5116F6-B811-4CE2-A15A-EC1B53A930FB}.Debug|Any CPU.Build.0 = Debug|Any CPU
		{6C5116F6-B811-4CE2-A15A-EC1B53A930FB}.Release|Any CPU.ActiveCfg = Release|Any CPU
		{6C5116F6-B811-4CE2-A15A-EC1B53A930FB}.Release|Any CPU.Build.0 = Release|Any CPU
	EndGlobalSection
	GlobalSection(SolutionProperties) = preSolution
		HideSolutionNode = FALSE
	EndGlobalSection
	GlobalSection(ExtensibilityGlobals) = postSolution
		SolutionGuid = {549EFDC2-71C2-4F7B-A4C9-93FFA53ECEAA}
	EndGlobalSection
EndGlobal
