
Microsoft Visual Studio Solution File, Format Version 12.00
# Visual Studio Version 17
VisualStudioVersion = 17.2.32516.85
MinimumVisualStudioVersion = 10.0.40219.1
Project("{FAE04EC0-301F-11D3-BF4B-00C04F79EFBC}") = "DemoSlot9", "DemoSlot9\DemoSlot9.csproj", "{49F7F244-CADC-426C-BFC2-A895018CDDC1}"
EndProject
Global
	GlobalSection(SolutionConfigurationPlatforms) = preSolution
		Debug|Any CPU = Debug|Any CPU
		Release|Any CPU = Release|Any CPU
	EndGlobalSection
	GlobalSection(ProjectConfigurationPlatforms) = postSolution
		{49F7F244-CADC-426C-BFC2-A895018CDDC1}.Debug|Any CPU.ActiveCfg = Debug|Any CPU
		{49F7F244-CADC-426C-BFC2-A895018CDDC1}.Debug|Any CPU.Build.0 = Debug|Any CPU
		{49F7F244-CADC-426C-BFC2-A895018CDDC1}.Release|Any CPU.ActiveCfg = Release|Any CPU
		{49F7F244-CADC-426C-BFC2-A895018CDDC1}.Release|Any CPU.Build.0 = Release|Any CPU
	EndGlobalSection
	GlobalSection(SolutionProperties) = preSolution
		HideSolutionNode = FALSE
	EndGlobalSection
	GlobalSection(ExtensibilityGlobals) = postSolution
		SolutionGuid = {DE941277-4D00-4644-A75B-DA0AF37D8AA5}
	EndGlobalSection
EndGlobal
