
Microsoft Visual Studio Solution File, Format Version 12.00
# Visual Studio Version 17
VisualStudioVersion = 17.2.32602.215
MinimumVisualStudioVersion = 10.0.40219.1
Project("{FAE04EC0-301F-11D3-BF4B-00C04F79EFBC}") = "AutomobileWinApp", "AutomobileWinApp\AutomobileWinApp.csproj", "{497AA6F2-4DBE-4FBF-A060-2FAF964C010D}"
EndProject
Project("{FAE04EC0-301F-11D3-BF4B-00C04F79EFBC}") = "AutomobileLibrary", "AutomobileLibrary\AutomobileLibrary.csproj", "{20876D25-91F7-4EA2-8361-58B67A310A7B}"
EndProject
Global
	GlobalSection(SolutionConfigurationPlatforms) = preSolution
		Debug|Any CPU = Debug|Any CPU
		Release|Any CPU = Release|Any CPU
	EndGlobalSection
	GlobalSection(ProjectConfigurationPlatforms) = postSolution
		{497AA6F2-4DBE-4FBF-A060-2FAF964C010D}.Debug|Any CPU.ActiveCfg = Debug|Any CPU
		{497AA6F2-4DBE-4FBF-A060-2FAF964C010D}.Debug|Any CPU.Build.0 = Debug|Any CPU
		{497AA6F2-4DBE-4FBF-A060-2FAF964C010D}.Release|Any CPU.ActiveCfg = Release|Any CPU
		{497AA6F2-4DBE-4FBF-A060-2FAF964C010D}.Release|Any CPU.Build.0 = Release|Any CPU
		{20876D25-91F7-4EA2-8361-58B67A310A7B}.Debug|Any CPU.ActiveCfg = Debug|Any CPU
		{20876D25-91F7-4EA2-8361-58B67A310A7B}.Debug|Any CPU.Build.0 = Debug|Any CPU
		{20876D25-91F7-4EA2-8361-58B67A310A7B}.Release|Any CPU.ActiveCfg = Release|Any CPU
		{20876D25-91F7-4EA2-8361-58B67A310A7B}.Release|Any CPU.Build.0 = Release|Any CPU
	EndGlobalSection
	GlobalSection(SolutionProperties) = preSolution
		HideSolutionNode = FALSE
	EndGlobalSection
	GlobalSection(ExtensibilityGlobals) = postSolution
		SolutionGuid = {75731F2B-C4E5-421D-8FDC-65D4F075D574}
	EndGlobalSection
EndGlobal
