
Microsoft Visual Studio Solution File, Format Version 12.00
# Visual Studio Version 17
VisualStudioVersion = 17.1.32421.90
MinimumVisualStudioVersion = 10.0.40219.1
Project("{FAE04EC0-301F-11D3-BF4B-00C04F79EFBC}") = "PRN_SE1624_OOP", "PRN_SE1624_OOP\PRN_SE1624_OOP.csproj", "{71D7DBEB-5730-449C-AA93-0CA3B8EB1FD8}"
EndProject
Global
	GlobalSection(SolutionConfigurationPlatforms) = preSolution
		Debug|Any CPU = Debug|Any CPU
		Release|Any CPU = Release|Any CPU
	EndGlobalSection
	GlobalSection(ProjectConfigurationPlatforms) = postSolution
		{71D7DBEB-5730-449C-AA93-0CA3B8EB1FD8}.Debug|Any CPU.ActiveCfg = Debug|Any CPU
		{71D7DBEB-5730-449C-AA93-0CA3B8EB1FD8}.Debug|Any CPU.Build.0 = Debug|Any CPU
		{71D7DBEB-5730-449C-AA93-0CA3B8EB1FD8}.Release|Any CPU.ActiveCfg = Release|Any CPU
		{71D7DBEB-5730-449C-AA93-0CA3B8EB1FD8}.Release|Any CPU.Build.0 = Release|Any CPU
	EndGlobalSection
	GlobalSection(SolutionProperties) = preSolution
		HideSolutionNode = FALSE
	EndGlobalSection
	GlobalSection(ExtensibilityGlobals) = postSolution
		SolutionGuid = {6348BE6C-359C-491D-AB01-4A4E79755157}
	EndGlobalSection
EndGlobal
