
Microsoft Visual Studio Solution File, Format Version 12.00
# Visual Studio Version 17
VisualStudioVersion = 17.2.32516.85
MinimumVisualStudioVersion = 10.0.40219.1
Project("{FAE04EC0-301F-11D3-BF4B-00C04F79EFBC}") = "DemoSlot8", "DemoSlot8\DemoSlot8.csproj", "{D56F9FDA-FADC-47F5-9402-288CDA618F47}"
EndProject
Global
	GlobalSection(SolutionConfigurationPlatforms) = preSolution
		Debug|Any CPU = Debug|Any CPU
		Release|Any CPU = Release|Any CPU
	EndGlobalSection
	GlobalSection(ProjectConfigurationPlatforms) = postSolution
		{D56F9FDA-FADC-47F5-9402-288CDA618F47}.Debug|Any CPU.ActiveCfg = Debug|Any CPU
		{D56F9FDA-FADC-47F5-9402-288CDA618F47}.Debug|Any CPU.Build.0 = Debug|Any CPU
		{D56F9FDA-FADC-47F5-9402-288CDA618F47}.Release|Any CPU.ActiveCfg = Release|Any CPU
		{D56F9FDA-FADC-47F5-9402-288CDA618F47}.Release|Any CPU.Build.0 = Release|Any CPU
	EndGlobalSection
	GlobalSection(SolutionProperties) = preSolution
		HideSolutionNode = FALSE
	EndGlobalSection
	GlobalSection(ExtensibilityGlobals) = postSolution
		SolutionGuid = {137A4540-2013-431A-96EA-5E5E2CBE32FA}
	EndGlobalSection
EndGlobal
